
Microsoft Visual Studio Solution File, Format Version 12.00
# Visual Studio Version 17
VisualStudioVersion = 17.5.33424.131
MinimumVisualStudioVersion = 10.0.40219.1
Project("{FAE04EC0-301F-11D3-BF4B-00C04F79EFBC}") = "BasketballApp.Android", "BasketballApp.Android\BasketballApp.Android.csproj", "{08938907-326B-40A6-8191-7727D2C016B9}"
EndProject
Project("{FAE04EC0-301F-11D3-BF4B-00C04F79EFBC}") = "BasketballApp.iOS", "BasketballApp.iOS\BasketballApp.iOS.csproj", "{3A6FD039-1151-4E48-ADF9-46E9BFBC450B}"
EndProject
Project("{9A19103F-16F7-4668-BE54-9A1E7A4F7556}") = "BasketballApp", "BasketballApp\BasketballApp.csproj", "{E1ED99CF-A5F8-42FF-89A8-1BDC84272439}"
EndProject
Project("{FAE04EC0-301F-11D3-BF4B-00C04F79EFBC}") = "UnitTests", "UnitTests\UnitTests.csproj", "{1E2702A7-7B16-410E-B02F-A2309A013E42}"
EndProject
Global
	GlobalSection(SolutionConfigurationPlatforms) = preSolution
		Debug|Any CPU = Debug|Any CPU
		Debug|iPhone = Debug|iPhone
		Debug|iPhoneSimulator = Debug|iPhoneSimulator
		Release|Any CPU = Release|Any CPU
		Release|iPhone = Release|iPhone
		Release|iPhoneSimulator = Release|iPhoneSimulator
	EndGlobalSection
	GlobalSection(ProjectConfigurationPlatforms) = postSolution
		{08938907-326B-40A6-8191-7727D2C016B9}.Debug|Any CPU.ActiveCfg = Debug|Any CPU
		{08938907-326B-40A6-8191-7727D2C016B9}.Debug|Any CPU.Build.0 = Debug|Any CPU
		{08938907-326B-40A6-8191-7727D2C016B9}.Debug|Any CPU.Deploy.0 = Debug|Any CPU
		{08938907-326B-40A6-8191-7727D2C016B9}.Debug|iPhone.ActiveCfg = Debug|Any CPU
		{08938907-326B-40A6-8191-7727D2C016B9}.Debug|iPhone.Build.0 = Debug|Any CPU
		{08938907-326B-40A6-8191-7727D2C016B9}.Debug|iPhone.Deploy.0 = Debug|Any CPU
		{08938907-326B-40A6-8191-7727D2C016B9}.Debug|iPhoneSimulator.ActiveCfg = Debug|Any CPU
		{08938907-326B-40A6-8191-7727D2C016B9}.Debug|iPhoneSimulator.Build.0 = Debug|Any CPU
		{08938907-326B-40A6-8191-7727D2C016B9}.Debug|iPhoneSimulator.Deploy.0 = Debug|Any CPU
		{08938907-326B-40A6-8191-7727D2C016B9}.Release|Any CPU.ActiveCfg = Release|Any CPU
		{08938907-326B-40A6-8191-7727D2C016B9}.Release|Any CPU.Build.0 = Release|Any CPU
		{08938907-326B-40A6-8191-7727D2C016B9}.Release|Any CPU.Deploy.0 = Release|Any CPU
		{08938907-326B-40A6-8191-7727D2C016B9}.Release|iPhone.ActiveCfg = Release|Any CPU
		{08938907-326B-40A6-8191-7727D2C016B9}.Release|iPhone.Build.0 = Release|Any CPU
		{08938907-326B-40A6-8191-7727D2C016B9}.Release|iPhone.Deploy.0 = Release|Any CPU
		{08938907-326B-40A6-8191-7727D2C016B9}.Release|iPhoneSimulator.ActiveCfg = Release|Any CPU
		{08938907-326B-40A6-8191-7727D2C016B9}.Release|iPhoneSimulator.Build.0 = Release|Any CPU
		{08938907-326B-40A6-8191-7727D2C016B9}.Release|iPhoneSimulator.Deploy.0 = Release|Any CPU
		{3A6FD039-1151-4E48-ADF9-46E9BFBC450B}.Debug|Any CPU.ActiveCfg = Debug|iPhone
		{3A6FD039-1151-4E48-ADF9-46E9BFBC450B}.Debug|Any CPU.Build.0 = Debug|iPhone
		{3A6FD039-1151-4E48-ADF9-46E9BFBC450B}.Debug|Any CPU.Deploy.0 = Debug|iPhone
		{3A6FD039-1151-4E48-ADF9-46E9BFBC450B}.Debug|iPhone.ActiveCfg = Debug|iPhone
		{3A6FD039-1151-4E48-ADF9-46E9BFBC450B}.Debug|iPhone.Build.0 = Debug|iPhone
		{3A6FD039-1151-4E48-ADF9-46E9BFBC450B}.Debug|iPhone.Deploy.0 = Debug|iPhone
		{3A6FD039-1151-4E48-ADF9-46E9BFBC450B}.Debug|iPhoneSimulator.ActiveCfg = Debug|iPhoneSimulator
		{3A6FD039-1151-4E48-ADF9-46E9BFBC450B}.Debug|iPhoneSimulator.Build.0 = Debug|iPhoneSimulator
		{3A6FD039-1151-4E48-ADF9-46E9BFBC450B}.Debug|iPhoneSimulator.Deploy.0 = Debug|iPhoneSimulator
		{3A6FD039-1151-4E48-ADF9-46E9BFBC450B}.Release|Any CPU.ActiveCfg = Release|iPhoneSimulator
		{3A6FD039-1151-4E48-ADF9-46E9BFBC450B}.Release|Any CPU.Build.0 = Release|iPhoneSimulator
		{3A6FD039-1151-4E48-ADF9-46E9BFBC450B}.Release|Any CPU.Deploy.0 = Release|iPhoneSimulator
		{3A6FD039-1151-4E48-ADF9-46E9BFBC450B}.Release|iPhone.ActiveCfg = Release|iPhone
		{3A6FD039-1151-4E48-ADF9-46E9BFBC450B}.Release|iPhone.Build.0 = Release|iPhone
		{3A6FD039-1151-4E48-ADF9-46E9BFBC450B}.Release|iPhone.Deploy.0 = Release|iPhone
		{3A6FD039-1151-4E48-ADF9-46E9BFBC450B}.Release|iPhoneSimulator.ActiveCfg = Release|iPhoneSimulator
		{3A6FD039-1151-4E48-ADF9-46E9BFBC450B}.Release|iPhoneSimulator.Build.0 = Release|iPhoneSimulator
		{3A6FD039-1151-4E48-ADF9-46E9BFBC450B}.Release|iPhoneSimulator.Deploy.0 = Release|iPhoneSimulator
		{E1ED99CF-A5F8-42FF-89A8-1BDC84272439}.Debug|Any CPU.ActiveCfg = Debug|Any CPU
		{E1ED99CF-A5F8-42FF-89A8-1BDC84272439}.Debug|Any CPU.Build.0 = Debug|Any CPU
		{E1ED99CF-A5F8-42FF-89A8-1BDC84272439}.Debug|Any CPU.Deploy.0 = Debug|Any CPU
		{E1ED99CF-A5F8-42FF-89A8-1BDC84272439}.Debug|iPhone.ActiveCfg = Debug|Any CPU
		{E1ED99CF-A5F8-42FF-89A8-1BDC84272439}.Debug|iPhone.Build.0 = Debug|Any CPU
		{E1ED99CF-A5F8-42FF-89A8-1BDC84272439}.Debug|iPhone.Deploy.0 = Debug|Any CPU
		{E1ED99CF-A5F8-42FF-89A8-1BDC84272439}.Debug|iPhoneSimulator.ActiveCfg = Debug|Any CPU
		{E1ED99CF-A5F8-42FF-89A8-1BDC84272439}.Debug|iPhoneSimulator.Build.0 = Debug|Any CPU
		{E1ED99CF-A5F8-42FF-89A8-1BDC84272439}.Debug|iPhoneSimulator.Deploy.0 = Debug|Any CPU
		{E1ED99CF-A5F8-42FF-89A8-1BDC84272439}.Release|Any CPU.ActiveCfg = Release|Any CPU
		{E1ED99CF-A5F8-42FF-89A8-1BDC84272439}.Release|Any CPU.Build.0 = Release|Any CPU
		{E1ED99CF-A5F8-42FF-89A8-1BDC84272439}.Release|Any CPU.Deploy.0 = Release|Any CPU
		{E1ED99CF-A5F8-42FF-89A8-1BDC84272439}.Release|iPhone.ActiveCfg = Release|Any CPU
		{E1ED99CF-A5F8-42FF-89A8-1BDC84272439}.Release|iPhone.Build.0 = Release|Any CPU
		{E1ED99CF-A5F8-42FF-89A8-1BDC84272439}.Release|iPhone.Deploy.0 = Release|Any CPU
		{E1ED99CF-A5F8-42FF-89A8-1BDC84272439}.Release|iPhoneSimulator.ActiveCfg = Release|Any CPU
		{E1ED99CF-A5F8-42FF-89A8-1BDC84272439}.Release|iPhoneSimulator.Build.0 = Release|Any CPU
		{E1ED99CF-A5F8-42FF-89A8-1BDC84272439}.Release|iPhoneSimulator.Deploy.0 = Release|Any CPU
		{1E2702A7-7B16-410E-B02F-A2309A013E42}.Debug|Any CPU.ActiveCfg = Debug|Any CPU
		{1E2702A7-7B16-410E-B02F-A2309A013E42}.Debug|Any CPU.Build.0 = Debug|Any CPU
		{1E2702A7-7B16-410E-B02F-A2309A013E42}.Debug|iPhone.ActiveCfg = Debug|Any CPU
		{1E2702A7-7B16-410E-B02F-A2309A013E42}.Debug|iPhone.Build.0 = Debug|Any CPU
		{1E2702A7-7B16-410E-B02F-A2309A013E42}.Debug|iPhoneSimulator.ActiveCfg = Debug|Any CPU
		{1E2702A7-7B16-410E-B02F-A2309A013E42}.Debug|iPhoneSimulator.Build.0 = Debug|Any CPU
		{1E2702A7-7B16-410E-B02F-A2309A013E42}.Release|Any CPU.ActiveCfg = Release|Any CPU
		{1E2702A7-7B16-410E-B02F-A2309A013E42}.Release|Any CPU.Build.0 = Release|Any CPU
		{1E2702A7-7B16-410E-B02F-A2309A013E42}.Release|iPhone.ActiveCfg = Release|Any CPU
		{1E2702A7-7B16-410E-B02F-A2309A013E42}.Release|iPhone.Build.0 = Release|Any CPU
		{1E2702A7-7B16-410E-B02F-A2309A013E42}.Release|iPhoneSimulator.ActiveCfg = Release|Any CPU
		{1E2702A7-7B16-410E-B02F-A2309A013E42}.Release|iPhoneSimulator.Build.0 = Release|Any CPU
	EndGlobalSection
	GlobalSection(SolutionProperties) = preSolution
		HideSolutionNode = FALSE
	EndGlobalSection
	GlobalSection(ExtensibilityGlobals) = postSolution
		SolutionGuid = {E8557238-D7A2-4C1E-902B-96BDA37358CE}
	EndGlobalSection
EndGlobal
